{
  "requires": true,
  "lockfileVersion": 1,
  "dependencies": {
    "vue-router": {
      "version": "3.0.3",
      "resolved": "https://registry.npmjs.org/vue-router/-/vue-router-3.0.3.tgz",
      "integrity": "sha512-62rB6GjJuyklnLL+yKST469yCYj93SXEn8rpYjxgLwv0aH/Fd6OApD8Hgi9RlraZ1OOwv3jPQvZTtf1GixYW+g=="
    }
  }
}
